
Microsoft Visual Studio Solution File, Format Version 12.00
# Visual Studio 15
VisualStudioVersion = 15.0.28010.2050
MinimumVisualStudioVersion = 10.0.40219.1
Project("{FAE04EC0-301F-11D3-BF4B-00C04F79EFBC}") = "GetOsuFile2", "GetOsuFile2.csproj", "{C3A1FC28-0F32-47AF-ACD1-74B980353271}"
EndProject
Global
	GlobalSection(SolutionConfigurationPlatforms) = preSolution
		Debug|x86 = Debug|x86
		Release|x86 = Release|x86
	EndGlobalSection
	GlobalSection(ProjectConfigurationPlatforms) = postSolution
		{C3A1FC28-0F32-47AF-ACD1-74B980353271}.Debug|x86.ActiveCfg = Debug|x86
		{C3A1FC28-0F32-47AF-ACD1-74B980353271}.Debug|x86.Build.0 = Debug|x86
		{C3A1FC28-0F32-47AF-ACD1-74B980353271}.Release|x86.ActiveCfg = Release|x86
		{C3A1FC28-0F32-47AF-ACD1-74B980353271}.Release|x86.Build.0 = Release|x86
	EndGlobalSection
	GlobalSection(SolutionProperties) = preSolution
		HideSolutionNode = FALSE
	EndGlobalSection
	GlobalSection(ExtensibilityGlobals) = postSolution
		SolutionGuid = {6E37698D-9300-4356-ACD1-1970E4003E49}
	EndGlobalSection
EndGlobal
